// !$*UTF8*$!
{ archiveVersion = 1; classes = {}; objectVersion = 56; objects = {
F9D1CC06F88C05C89CA84E3C = { isa = PBXFileReference; lastKnownFileType = sourcecode.swift; path = "AppModel.swift"; sourceTree = "<group>"; };
6647B957C0BCE26BFBFC83FE = { isa = PBXBuildFile; fileRef = F9D1CC06F88C05C89CA84E3C; };
F8449FD4ED5DDB442673AEF1 = { isa = PBXFileReference; lastKnownFileType = sourcecode.swift; path = "EditorView.swift"; sourceTree = "<group>"; };
4084D4095CA3C1F4F6EB1482 = { isa = PBXBuildFile; fileRef = F8449FD4ED5DDB442673AEF1; };
5C038EA8169BD84A7361D581 = { isa = PBXFileReference; lastKnownFileType = sourcecode.swift; path = "HotkeyManager.swift"; sourceTree = "<group>"; };
A359DE3FF6A84C22898247F4 = { isa = PBXBuildFile; fileRef = 5C038EA8169BD84A7361D581; };
A2CDD2B51B9CC7AF9D7B2D55 = { isa = PBXFileReference; lastKnownFileType = text.plist.xml; path = "Info.plist"; sourceTree = "<group>"; };
A290406FC88B726FA44335E5 = { isa = PBXFileReference; lastKnownFileType = sourcecode.swift; path = "OverlayController.swift"; sourceTree = "<group>"; };
C48E7C60A694B63D1DE3ECE6 = { isa = PBXBuildFile; fileRef = A290406FC88B726FA44335E5; };
F532B50A1786BAC32D662493 = { isa = PBXFileReference; lastKnownFileType = sourcecode.swift; path = "ScriptEditor.swift"; sourceTree = "<group>"; };
D02524BE6B2D41E07B802AD7 = { isa = PBXBuildFile; fileRef = F532B50A1786BAC32D662493; };
20EC2385C80A15A609C0AD02 = { isa = PBXFileReference; lastKnownFileType = sourcecode.swift; path = "SpeechService.swift"; sourceTree = "<group>"; };
A45E6E5D68C40AD986B7D6A1 = { isa = PBXBuildFile; fileRef = 20EC2385C80A15A609C0AD02; };
5FABB4C9B4F6993AB186B414 = { isa = PBXFileReference; lastKnownFileType = text.plist.xml; path = "Teleprompter.entitlements"; sourceTree = "<group>"; };
E827840A4A56F5868743FCDE = { isa = PBXFileReference; lastKnownFileType = sourcecode.swift; path = "TeleprompterApp.swift"; sourceTree = "<group>"; };
0E578A84F8CC96545B0EDD88 = { isa = PBXBuildFile; fileRef = E827840A4A56F5868743FCDE; };
FC4A695F02A8A53A129DCB9A = { isa = PBXGroup; children = (F9D1CC06F88C05C89CA84E3C,F8449FD4ED5DDB442673AEF1,5C038EA8169BD84A7361D581,A2CDD2B51B9CC7AF9D7B2D55,A290406FC88B726FA44335E5,F532B50A1786BAC32D662493,20EC2385C80A15A609C0AD02,5FABB4C9B4F6993AB186B414,E827840A4A56F5868743FCDE,); path = App; sourceTree = "<group>"; };
FFA263D893C26602FBE93149 = { isa = PBXFileReference; lastKnownFileType = sourcecode.swift; path = "DraftStore.swift"; sourceTree = "<group>"; };
FB83EE0729F514A888278F95 = { isa = PBXBuildFile; fileRef = FFA263D893C26602FBE93149; };
50ADC62D09639A27C3508BF7 = { isa = PBXFileReference; lastKnownFileType = sourcecode.swift; path = "InputRecovery.swift"; sourceTree = "<group>"; };
171F1CFFACE995FE31C5630F = { isa = PBXBuildFile; fileRef = 50ADC62D09639A27C3508BF7; };
E8E619E58A37DB2A830C56FB = { isa = PBXFileReference; lastKnownFileType = sourcecode.swift; path = "OverlayGeometry.swift"; sourceTree = "<group>"; };
9F71369BED4C07732032626E = { isa = PBXBuildFile; fileRef = E8E619E58A37DB2A830C56FB; };
C1A87E70C3DB5D7C46CBAD18 = { isa = PBXFileReference; lastKnownFileType = sourcecode.swift; path = "Playback.swift"; sourceTree = "<group>"; };
9C219B0ECF9EBB5024F80EDD = { isa = PBXBuildFile; fileRef = C1A87E70C3DB5D7C46CBAD18; };
57EE7A5EA64971C77997E65F = { isa = PBXFileReference; lastKnownFileType = sourcecode.swift; path = "ReadingLayout.swift"; sourceTree = "<group>"; };
CF25D6C0ACFFE72A585A5810 = { isa = PBXBuildFile; fileRef = 57EE7A5EA64971C77997E65F; };
DF77B8BA8A817A4E3895ECC4 = { isa = PBXFileReference; lastKnownFileType = sourcecode.swift; path = "Script.swift"; sourceTree = "<group>"; };
B95BCCD6CE2638061DAE297D = { isa = PBXBuildFile; fileRef = DF77B8BA8A817A4E3895ECC4; };
412E072D3D4D77B3024B20BF = { isa = PBXFileReference; lastKnownFileType = sourcecode.swift; path = "SpeechAlignment.swift"; sourceTree = "<group>"; };
FF9A7D195F6CA1FE4AE99C6F = { isa = PBXBuildFile; fileRef = 412E072D3D4D77B3024B20BF; };
1655BAE6859307434C20353A = { isa = PBXFileReference; lastKnownFileType = sourcecode.swift; path = "VoiceScroll.swift"; sourceTree = "<group>"; };
DE0D06D8E312A1AB2E8EC683 = { isa = PBXBuildFile; fileRef = 1655BAE6859307434C20353A; };
68836C550EE20FAE0E06B299 = { isa = PBXGroup; children = (FFA263D893C26602FBE93149,50ADC62D09639A27C3508BF7,E8E619E58A37DB2A830C56FB,C1A87E70C3DB5D7C46CBAD18,57EE7A5EA64971C77997E65F,DF77B8BA8A817A4E3895ECC4,412E072D3D4D77B3024B20BF,1655BAE6859307434C20353A,); path = Core; sourceTree = "<group>"; };
38A007151ABE87CC01A5B6E9 = { isa = PBXFileReference; explicitFileType = wrapper.application; path = Teleprompter.app; sourceTree = BUILT_PRODUCTS_DIR; };
FBDC4F23F93125BBEEAE800C = { isa = PBXGroup; children = (38A007151ABE87CC01A5B6E9,); name = Products; sourceTree = "<group>"; };
B28B7AF69320201D1CF206EB = { isa = PBXGroup; children = (FC4A695F02A8A53A129DCB9A,68836C550EE20FAE0E06B299,FBDC4F23F93125BBEEAE800C,); sourceTree = "<group>"; };
BCE16DD0260827ECF338C787 = { isa = PBXSourcesBuildPhase; buildActionMask = 2147483647; files = (6647B957C0BCE26BFBFC83FE,4084D4095CA3C1F4F6EB1482,A359DE3FF6A84C22898247F4,C48E7C60A694B63D1DE3ECE6,D02524BE6B2D41E07B802AD7,A45E6E5D68C40AD986B7D6A1,0E578A84F8CC96545B0EDD88,FB83EE0729F514A888278F95,171F1CFFACE995FE31C5630F,9F71369BED4C07732032626E,9C219B0ECF9EBB5024F80EDD,CF25D6C0ACFFE72A585A5810,B95BCCD6CE2638061DAE297D,FF9A7D195F6CA1FE4AE99C6F,DE0D06D8E312A1AB2E8EC683,); runOnlyForDeploymentPostprocessing = 0; };
0189424A5A60FED329FA868E = { isa = PBXResourcesBuildPhase; buildActionMask = 2147483647; files = (); runOnlyForDeploymentPostprocessing = 0; };
7561BFB015D8F536760CB671 = { isa = PBXFrameworksBuildPhase; buildActionMask = 2147483647; files = (); runOnlyForDeploymentPostprocessing = 0; };
89E1FD6268CC0F221A2BE178 = { isa = XCBuildConfiguration; buildSettings = { MACOSX_DEPLOYMENT_TARGET = 26.0; SDKROOT = macosx; ARCHS = arm64; SWIFT_VERSION = 6.0; CLANG_ENABLE_MODULES = YES; SWIFT_OPTIMIZATION_LEVEL = "-Onone"; SWIFT_ACTIVE_COMPILATION_CONDITIONS = "DEBUG"; }; name = Debug; };
7082CC0B6FC1282FCEABD07A = { isa = XCBuildConfiguration; buildSettings = { PRODUCT_NAME = Teleprompter; PRODUCT_BUNDLE_IDENTIFIER = com.bitl8byteshort.Teleprompter; INFOPLIST_FILE = App/Info.plist; CODE_SIGN_ENTITLEMENTS = App/Teleprompter.entitlements; CODE_SIGN_STYLE = Automatic; CODE_SIGN_IDENTITY = "Apple Development"; DEVELOPMENT_TEAM = 4WWK6TTABC; ENABLE_HARDENED_RUNTIME = YES; ENABLE_APP_SANDBOX = NO; GENERATE_INFOPLIST_FILE = NO; SWIFT_EMIT_LOC_STRINGS = YES; }; name = Debug; };
E6DE6C99132752C914FEF632 = { isa = XCBuildConfiguration; buildSettings = { MACOSX_DEPLOYMENT_TARGET = 26.0; SDKROOT = macosx; ARCHS = arm64; SWIFT_VERSION = 6.0; CLANG_ENABLE_MODULES = YES; SWIFT_OPTIMIZATION_LEVEL = "-O"; SWIFT_ACTIVE_COMPILATION_CONDITIONS = ""; }; name = Release; };
639A7CA24D39909E713B47F7 = { isa = XCBuildConfiguration; buildSettings = { PRODUCT_NAME = Teleprompter; PRODUCT_BUNDLE_IDENTIFIER = com.bitl8byteshort.Teleprompter; INFOPLIST_FILE = App/Info.plist; CODE_SIGN_ENTITLEMENTS = App/Teleprompter.entitlements; CODE_SIGN_STYLE = Automatic; CODE_SIGN_IDENTITY = "Apple Development"; DEVELOPMENT_TEAM = 4WWK6TTABC; ENABLE_HARDENED_RUNTIME = YES; ENABLE_APP_SANDBOX = NO; GENERATE_INFOPLIST_FILE = NO; SWIFT_EMIT_LOC_STRINGS = YES; }; name = Release; };
793D6D7C60BD6329D6F91FDB = { isa = XCConfigurationList; buildConfigurations = (89E1FD6268CC0F221A2BE178,E6DE6C99132752C914FEF632,); defaultConfigurationIsVisible = 0; defaultConfigurationName = Release; };
D61E3363DEF3F4E448C68105 = { isa = XCConfigurationList; buildConfigurations = (7082CC0B6FC1282FCEABD07A,639A7CA24D39909E713B47F7,); defaultConfigurationIsVisible = 0; defaultConfigurationName = Release; };
0E8A3AD980EC179856012B7E = { isa = PBXNativeTarget; buildConfigurationList = D61E3363DEF3F4E448C68105; buildPhases = (BCE16DD0260827ECF338C787,7561BFB015D8F536760CB671,0189424A5A60FED329FA868E,); buildRules = (); dependencies = (); name = Teleprompter; productName = Teleprompter; productReference = 38A007151ABE87CC01A5B6E9; productType = "com.apple.product-type.application"; };
98F54143AB4E86B28C3AFEE0 = { isa = PBXProject; attributes = { LastUpgradeCheck = 2700; }; buildConfigurationList = 793D6D7C60BD6329D6F91FDB; compatibilityVersion = "Xcode 14.0"; developmentRegion = en; knownRegions = (en,Base,); mainGroup = B28B7AF69320201D1CF206EB; productRefGroup = FBDC4F23F93125BBEEAE800C; projectDirPath = ""; projectRoot = ""; targets = (0E8A3AD980EC179856012B7E,); };
}; rootObject = 98F54143AB4E86B28C3AFEE0; }
